# THIS IS AN AUTOGENERATED FILE. DO NOT EDIT THIS FILE DIRECTLY.
# yarn lockfile v1


"@rollup/plugin-commonjs@^13.0.0":
  version "13.0.0"
  resolved "http://192.168.1.3:4873/@rollup%2fplugin-commonjs/-/plugin-commonjs-13.0.0.tgz#8a1d684ba6848afe8b9e3d85649d4b2f6f7217ec"
  integrity sha1-ih1oS6aEiv6Lnj2FZJ1LL29yF+w=
  dependencies:
    "@rollup/pluginutils" "^3.0.8"
    commondir "^1.0.1"
    estree-walker "^1.0.1"
    glob "^7.1.2"
    is-reference "^1.1.2"
    magic-string "^0.25.2"
    resolve "^1.11.0"

"@rollup/plugin-node-resolve@^8.1.0":
  version "8.1.0"
  resolved "http://192.168.1.3:4873/@rollup%2fplugin-node-resolve/-/plugin-node-resolve-8.1.0.tgz#1da5f3d0ccabc8f66f5e3c74462aad76cfd96c47"
  integrity sha1-HaXz0MyryPZvXjx0Riqtds/ZbEc=
  dependencies:
    "@rollup/pluginutils" "^3.0.8"
    "@types/resolve" "0.0.8"
    builtin-modules "^3.1.0"
    deep-freeze "^0.0.1"
    deepmerge "^4.2.2"
    is-module "^1.0.0"
    resolve "^1.14.2"

"@rollup/plugin-typescript@^5.0.0":
  version "5.0.0"
  resolved "http://192.168.1.3:4873/@rollup%2fplugin-typescript/-/plugin-typescript-5.0.0.tgz#4e7f9d8c32dfa144bf090c6a69105d32c76381af"
  integrity sha1-Tn+djDLfoUS/CQxqaRBdMsdjga8=
  dependencies:
    "@rollup/pluginutils" "^3.0.1"
    resolve "^1.14.1"

"@rollup/pluginutils@^3.0.1", "@rollup/pluginutils@^3.0.8", "@rollup/pluginutils@^3.1.0":
  version "3.1.0"
  resolved "http://192.168.1.3:4873/@rollup%2fpluginutils/-/pluginutils-3.1.0.tgz#706b4524ee6dc8b103b3c995533e5ad680c02b9b"
  integrity sha1-cGtFJO5tyLEDs8mVUz5a1oDAK5s=
  dependencies:
    "@types/estree" "0.0.39"
    estree-walker "^1.0.1"
    picomatch "^2.2.2"

"@types/estree@0.0.39":
  version "0.0.39"
  resolved "http://192.168.1.3:4873/@types%2festree/-/estree-0.0.39.tgz#e177e699ee1b8c22d23174caaa7422644389509f"
  integrity sha1-4Xfmme4bjCLSMXTKqnQiZEOJUJ8=

"@types/estree@0.0.44":
  version "0.0.44"
  resolved "http://192.168.1.3:4873/@types%2festree/-/estree-0.0.44.tgz#980cc5a29a3ef3bea6ff1f7d021047d7ea575e21"
  integrity sha512-iaIVzr+w2ZJ5HkidlZ3EJM8VTZb2MJLCjw3V+505yVts0gRC4UMvjw0d1HPtGqI/HQC/KdsYtayfzl+AXY2R8g==

"@types/node@*":
  version "14.0.14"
  resolved "http://192.168.1.3:4873/@types%2fnode/-/node-14.0.14.tgz#24a0b5959f16ac141aeb0c5b3cd7a15b7c64cbce"
  integrity sha1-JKC1lZ8WrBQa6wxbPNehW3xky84=

"@types/prop-types@*":
  version "15.7.3"
  resolved "http://192.168.1.3:4873/@types%2fprop-types/-/prop-types-15.7.3.tgz#2ab0d5da2e5815f94b0b9d4b95d1e5f243ab2ca7"
  integrity sha512-KfRL3PuHmqQLOG+2tGpRO26Ctg+Cq1E01D2DMriKEATHgWLfeNDmq9e29Q9WIky0dQ3NPkd1mzYH8Lm936Z9qw==

"@types/react-dom@^16.9.8":
  version "16.9.8"
  resolved "http://192.168.1.3:4873/@types%2freact-dom/-/react-dom-16.9.8.tgz#fe4c1e11dfc67155733dfa6aa65108b4971cb423"
  integrity sha512-ykkPQ+5nFknnlU6lDd947WbQ6TE3NNzbQAkInC2EKY1qeYdTKp7onFusmYZb+ityzx2YviqT6BXSu+LyWWJwcA==
  dependencies:
    "@types/react" "*"

"@types/react@*", "@types/react@^16.9.38":
  version "16.9.41"
  resolved "http://192.168.1.3:4873/@types%2freact/-/react-16.9.41.tgz#925137ee4d2ff406a0ecf29e8e9237390844002e"
  integrity sha1-klE37k0v9Aag7PKejpI3OQhEAC4=
  dependencies:
    "@types/prop-types" "*"
    csstype "^2.2.0"

"@types/resolve@0.0.8":
  version "0.0.8"
  resolved "http://192.168.1.3:4873/@types%2fresolve/-/resolve-0.0.8.tgz#f26074d238e02659e323ce1a13d041eee280e194"
  integrity sha1-8mB00jjgJlnjI84aE9BB7uKA4ZQ=
  dependencies:
    "@types/node" "*"

balanced-match@^1.0.0:
  version "1.0.0"
  resolved "http://192.168.1.3:4873/balanced-match/-/balanced-match-1.0.0.tgz#89b4d199ab2bee49de164ea02b89ce462d71b767"
  integrity sha1-ibTRmasr7kneFk6gK4nORi1xt2c=

brace-expansion@^1.1.7:
  version "1.1.11"
  resolved "http://192.168.1.3:4873/brace-expansion/-/brace-expansion-1.1.11.tgz#3c7fcbf529d87226f3d2f52b966ff5271eb441dd"
  integrity sha1-PH/L9SnYcibz0vUrlm/1Jx60Qd0=
  dependencies:
    balanced-match "^1.0.0"
    concat-map "0.0.1"

builtin-modules@^3.1.0:
  version "3.1.0"
  resolved "http://192.168.1.3:4873/builtin-modules/-/builtin-modules-3.1.0.tgz#aad97c15131eb76b65b50ef208e7584cd76a7484"
  integrity sha512-k0KL0aWZuBt2lrxrcASWDfwOLMnodeQjodT/1SxEQAXsHANgo6ZC/VEaSEHCXt7aSTZ4/4H5LKa+tBXmW7Vtvw==

commondir@^1.0.1:
  version "1.0.1"
  resolved "http://192.168.1.3:4873/commondir/-/commondir-1.0.1.tgz#ddd800da0c66127393cca5950ea968a3aaf1253b"
  integrity sha1-3dgA2gxmEnOTzKWVDqloo6rxJTs=

concat-map@0.0.1:
  version "0.0.1"
  resolved "http://192.168.1.3:4873/concat-map/-/concat-map-0.0.1.tgz#d8a96bd77fd68df7793a73036a3ba0d5405d477b"
  integrity sha1-2Klr13/Wjfd5OnMDajug1UBdR3s=

csstype@^2.2.0:
  version "2.6.10"
  resolved "http://192.168.1.3:4873/csstype/-/csstype-2.6.10.tgz#e63af50e66d7c266edb6b32909cfd0aabe03928b"
  integrity sha1-5jr1DmbXwmbttrMpCc/Qqr4Dkos=

deep-freeze@^0.0.1:
  version "0.0.1"
  resolved "http://192.168.1.3:4873/deep-freeze/-/deep-freeze-0.0.1.tgz#3a0b0005de18672819dfd38cd31f91179c893e84"
  integrity sha1-OgsABd4YZygZ39OM0x+RF5yJPoQ=

deepmerge@^4.2.2:
  version "4.2.2"
  resolved "http://192.168.1.3:4873/deepmerge/-/deepmerge-4.2.2.tgz#44d2ea3679b8f4d4ffba33f03d865fc1e7bf4955"
  integrity sha1-RNLqNnm49NT/ujPwPYZfwee/SVU=

estree-walker@^1.0.1:
  version "1.0.1"
  resolved "http://192.168.1.3:4873/estree-walker/-/estree-walker-1.0.1.tgz#31bc5d612c96b704106b477e6dd5d8aa138cb700"
  integrity sha1-MbxdYSyWtwQQa0d+bdXYqhOMtwA=

fs.realpath@^1.0.0:
  version "1.0.0"
  resolved "http://192.168.1.3:4873/fs.realpath/-/fs.realpath-1.0.0.tgz#1504ad2523158caa40db4a2787cb01411994ea4f"
  integrity sha1-FQStJSMVjKpA20onh8sBQRmU6k8=

fsevents@~2.1.2:
  version "2.1.3"
  resolved "http://192.168.1.3:4873/fsevents/-/fsevents-2.1.3.tgz#fb738703ae8d2f9fe900c33836ddebee8b97f23e"
  integrity sha1-+3OHA66NL5/pAMM4Nt3r7ouX8j4=

glob@^7.1.2:
  version "7.1.6"
  resolved "http://192.168.1.3:4873/glob/-/glob-7.1.6.tgz#141f33b81a7c2492e125594307480c46679278a6"
  integrity sha1-FB8zuBp8JJLhJVlDB0gMRmeSeKY=
  dependencies:
    fs.realpath "^1.0.0"
    inflight "^1.0.4"
    inherits "2"
    minimatch "^3.0.4"
    once "^1.3.0"
    path-is-absolute "^1.0.0"

inflight@^1.0.4:
  version "1.0.6"
  resolved "http://192.168.1.3:4873/inflight/-/inflight-1.0.6.tgz#49bd6331d7d02d0c09bc910a1075ba8165b56df9"
  integrity sha1-Sb1jMdfQLQwJvJEKEHW6gWW1bfk=
  dependencies:
    once "^1.3.0"
    wrappy "1"

inherits@2:
  version "2.0.4"
  resolved "http://192.168.1.3:4873/inherits/-/inherits-2.0.4.tgz#0fa2c64f932917c3433a0ded55363aae37416b7c"
  integrity sha1-D6LGT5MpF8NDOg3tVTY6rjdBa3w=

is-module@^1.0.0:
  version "1.0.0"
  resolved "http://192.168.1.3:4873/is-module/-/is-module-1.0.0.tgz#3258fb69f78c14d5b815d664336b4cffb6441591"
  integrity sha1-Mlj7afeMFNW4FdZkM2tM/7ZEFZE=

is-reference@^1.1.2:
  version "1.2.0"
  resolved "http://192.168.1.3:4873/is-reference/-/is-reference-1.2.0.tgz#d938b0cf85a0df09849417b274f02fb509293599"
  integrity sha1-2Tiwz4Wg3wmElBeydPAvtQkpNZk=
  dependencies:
    "@types/estree" "0.0.44"

"js-tokens@^3.0.0 || ^4.0.0":
  version "4.0.0"
  resolved "http://192.168.1.3:4873/js-tokens/-/js-tokens-4.0.0.tgz#19203fb59991df98e3a287050d4647cdeaf32499"
  integrity sha1-GSA/tZmR35jjoocFDUZHzerzJJk=

loose-envify@^1.1.0, loose-envify@^1.4.0:
  version "1.4.0"
  resolved "http://192.168.1.3:4873/loose-envify/-/loose-envify-1.4.0.tgz#71ee51fa7be4caec1a63839f7e682d8132d30caf"
  integrity sha1-ce5R+nvkyuwaY4OffmgtgTLTDK8=
  dependencies:
    js-tokens "^3.0.0 || ^4.0.0"

magic-string@^0.25.2:
  version "0.25.7"
  resolved "http://192.168.1.3:4873/magic-string/-/magic-string-0.25.7.tgz#3f497d6fd34c669c6798dcb821f2ef31f5445051"
  integrity sha1-P0l9b9NMZpxnmNy4IfLvMfVEUFE=
  dependencies:
    sourcemap-codec "^1.4.4"

minimatch@^3.0.4:
  version "3.0.4"
  resolved "http://192.168.1.3:4873/minimatch/-/minimatch-3.0.4.tgz#5166e286457f03306064be5497e8dbb0c3d32083"
  integrity sha1-UWbihkV/AzBgZL5Ul+jbsMPTIIM=
  dependencies:
    brace-expansion "^1.1.7"

object-assign@^4.1.1:
  version "4.1.1"
  resolved "http://192.168.1.3:4873/object-assign/-/object-assign-4.1.1.tgz#2109adc7965887cfc05cbbd442cac8bfbb360863"
  integrity sha1-IQmtx5ZYh8/AXLvUQsrIv7s2CGM=

once@^1.3.0:
  version "1.4.0"
  resolved "http://192.168.1.3:4873/once/-/once-1.4.0.tgz#583b1aa775961d4b113ac17d9c50baef9dd76bd1"
  integrity sha1-WDsap3WWHUsROsF9nFC6753Xa9E=
  dependencies:
    wrappy "1"

path-is-absolute@^1.0.0:
  version "1.0.1"
  resolved "http://192.168.1.3:4873/path-is-absolute/-/path-is-absolute-1.0.1.tgz#174b9268735534ffbc7ace6bf53a5a9e1b5c5f5f"
  integrity sha1-F0uSaHNVNP+8es5r9TpanhtcX18=

path-parse@^1.0.6:
  version "1.0.7"
  resolved "https://registry.yarnpkg.com/path-parse/-/path-parse-1.0.7.tgz#fbc114b60ca42b30d9daf5858e4bd68bbedb6735"
  integrity sha512-LDJzPVEEEPR+y48z93A0Ed0yXb8pAByGWo/k5YYdYgpY2/2EsOsksJrq7lOHxryrVOn1ejG6oAp8ahvOIQD8sw==

picomatch@^2.2.2:
  version "2.2.2"
  resolved "http://192.168.1.3:4873/picomatch/-/picomatch-2.2.2.tgz#21f333e9b6b8eaff02468f5146ea406d345f4dad"
  integrity sha1-IfMz6ba46v8CRo9RRupAbTRfTa0=

prop-types@^15.6.2:
  version "15.7.2"
  resolved "http://192.168.1.3:4873/prop-types/-/prop-types-15.7.2.tgz#52c41e75b8c87e72b9d9360e0206b99dcbffa6c5"
  integrity sha512-8QQikdH7//R2vurIJSutZ1smHYTcLpRWEOlHnzcWHmBYrOGUysKwSsrC89BCiFj3CbrfJ/nXFdJepOVrY1GCHQ==
  dependencies:
    loose-envify "^1.4.0"
    object-assign "^4.1.1"
    react-is "^16.8.1"

react-dom@^16.13.1:
  version "16.13.1"
  resolved "http://192.168.1.3:4873/react-dom/-/react-dom-16.13.1.tgz#c1bd37331a0486c078ee54c4740720993b2e0e7f"
  integrity sha1-wb03MxoEhsB47lTEdAcgmTsuDn8=
  dependencies:
    loose-envify "^1.1.0"
    object-assign "^4.1.1"
    prop-types "^15.6.2"
    scheduler "^0.19.1"

react-is@^16.8.1:
  version "16.13.1"
  resolved "http://192.168.1.3:4873/react-is/-/react-is-16.13.1.tgz#789729a4dc36de2999dc156dd6c1d9c18cea56a4"
  integrity sha1-eJcppNw23imZ3BVt1sHZwYzqVqQ=

react@^16.13.1:
  version "16.13.1"
  resolved "http://192.168.1.3:4873/react/-/react-16.13.1.tgz#2e818822f1a9743122c063d6410d85c1e3afe48e"
  integrity sha1-LoGIIvGpdDEiwGPWQQ2FweOv5I4=
  dependencies:
    loose-envify "^1.1.0"
    object-assign "^4.1.1"
    prop-types "^15.6.2"

resolve@^1.11.0, resolve@^1.14.1, resolve@^1.14.2:
  version "1.17.0"
  resolved "http://192.168.1.3:4873/resolve/-/resolve-1.17.0.tgz#b25941b54968231cc2d1bb76a79cb7f2c0bf8444"
  integrity sha1-sllBtUloIxzC0bt2p5y38sC/hEQ=
  dependencies:
    path-parse "^1.0.6"

rollup@^2.18.0:
  version "2.18.0"
  resolved "http://192.168.1.3:4873/rollup/-/rollup-2.18.0.tgz#f03801e5dd01415e5675dcf61c824ea493ca0392"
  integrity sha1-8DgB5d0BQV5Wddz2HIJOpJPKA5I=
  optionalDependencies:
    fsevents "~2.1.2"

scheduler@^0.19.1:
  version "0.19.1"
  resolved "http://192.168.1.3:4873/scheduler/-/scheduler-0.19.1.tgz#4f3e2ed2c1a7d65681f4c854fa8c5a1ccb40f196"
  integrity sha1-Tz4u0sGn1laB9MhU+oxaHMtA8ZY=
  dependencies:
    loose-envify "^1.1.0"
    object-assign "^4.1.1"

sourcemap-codec@^1.4.4:
  version "1.4.8"
  resolved "http://192.168.1.3:4873/sourcemap-codec/-/sourcemap-codec-1.4.8.tgz#ea804bd94857402e6992d05a38ef1ae35a9ab4c4"
  integrity sha1-6oBL2UhXQC5pktBaOO8a41qatMQ=

tslib@^2.0.0:
  version "2.0.0"
  resolved "http://192.168.1.3:4873/tslib/-/tslib-2.0.0.tgz#18d13fc2dce04051e20f074cc8387fd8089ce4f3"
  integrity sha1-GNE/wtzgQFHiDwdMyDh/2Aic5PM=

typescript@^3.9.5:
  version "3.9.5"
  resolved "http://192.168.1.3:4873/typescript/-/typescript-3.9.5.tgz#586f0dba300cde8be52dd1ac4f7e1009c1b13f36"
  integrity sha1-WG8NujAM3ovlLdGsT34QCcGxPzY=

wrappy@1:
  version "1.0.2"
  resolved "http://192.168.1.3:4873/wrappy/-/wrappy-1.0.2.tgz#b5243d8f3ec1aa35f1364605bc0d1036e30ab69f"
  integrity sha1-tSQ9jz7BqjXxNkYFvA0QNuMKtp8=
